
Microsoft Visual Studio Solution File, Format Version 12.00
# Visual Studio Version 16
VisualStudioVersion = 16.0.29215.179
MinimumVisualStudioVersion = 10.0.40219.1
Project("{FAE04EC0-301F-11D3-BF4B-00C04F79EFBC}") = "AspNetTilausDB", "AspNetTilausDB\AspNetTilausDB.csproj", "{B1ABCC23-8922-43A3-875C-08E2149D3D60}"
EndProject
Global
	GlobalSection(SolutionConfigurationPlatforms) = preSolution
		Debug|Any CPU = Debug|Any CPU
		Release|Any CPU = Release|Any CPU
	EndGlobalSection
	GlobalSection(ProjectConfigurationPlatforms) = postSolution
		{B1ABCC23-8922-43A3-875C-08E2149D3D60}.Debug|Any CPU.ActiveCfg = Debug|Any CPU
		{B1ABCC23-8922-43A3-875C-08E2149D3D60}.Debug|Any CPU.Build.0 = Debug|Any CPU
		{B1ABCC23-8922-43A3-875C-08E2149D3D60}.Release|Any CPU.ActiveCfg = Release|Any CPU
		{B1ABCC23-8922-43A3-875C-08E2149D3D60}.Release|Any CPU.Build.0 = Release|Any CPU
	EndGlobalSection
	GlobalSection(SolutionProperties) = preSolution
		HideSolutionNode = FALSE
	EndGlobalSection
	GlobalSection(ExtensibilityGlobals) = postSolution
		SolutionGuid = {98485352-B858-49FF-835D-69487E9BA97D}
	EndGlobalSection
EndGlobal
